# Frozen fingerprints of every released seed_version (append-only; written by `make seed-lock`).
# A fingerprint is the SHA-256 of the canonical JSON of the parsed YAML file, so comments and formatting
# do not matter but any content change does. Changing a locked version's content fails validation:
# bump seed_version in every seed file, run `make seed-lock`, and add a DECISION_LOG entry.
seed-v1:
  catalog: 7546c05d7c7139cab9fecc7d8f5392cac5fa6557cb8ad02239ccc99cd80a0b60
  files:
    mission_templates: 0221041da06fe211041afe66936b00df11ff005b0217b4594ac26fbcaa38d745
    problem_catalog: 8c48feb4ea3f75cf3e3e2aafc062e2c20ac041edaec39cbbc6b17a8a29c9d4fb
    roadmap: a069985f744175ea92509618aa5305de75f371d30b2c13b943e93267ed214e2c
    role_profile:backend_fullstack_sde2: 5864dc27e467972849de309ede768f2fad0a0fdcd0cb181d4c5eaf0534c545bf
    skill_graph: ddf556eafa86c50cbce2d8317964da38a02da009f6b459cd91b1fdf6a987702d
seed-v2:
  catalog: 47b81e616a2a9781652463ce2858cb8354aeec8035fe39f17028948f2aa8d73d
  files:
    learning:behavioral_1: 2bfee4fb25483fa2324e8dc4d754a7a87f28e4388b22b004fd854fbcb0fb6ec5
    learning:behavioral_2: d53c635d02f89f277add5f60262923181a65fa4317644a7f93162153aa93d33d
    learning:behavioral_3: 4d760ccd1e97e0f3a438ce0b58554991ed18be98834618c6e473621a8554e707
    learning:behavioral_4: bf1725b3fce95e9b84a6dc471c6180de12930e4de4a83cc9948ea495f1518614
    learning:cs_dbms_1: e956d8fc59c9a72314c293aeea602951942fd11bd0b452604d9e6bd37e6b1839
    learning:cs_dbms_2: 7c3edd089e9af7ba2e878ac11c9060ddbf2040f639f4351b07157997d19c0ccb
    learning:cs_dbms_3: fd8be9ea5b43a8a5b1da57fcbdd182c77051c2138173e2c8b8b014018230f00e
    learning:cs_dbms_4: 1215122e0c0895810946bfb5adaa7711f23f71f64d1bfcad3367683ea94a81e5
    learning:cs_network_1: 46277b5ac45a3d8a1ed3fe68cd5517683d94210e2f7e2756e7e70c231cfafeaa
    learning:cs_network_2: 911a41a095bce1488e4a873adf6a522d3c82c0b1e1de31789f15403ded17e735
    learning:cs_network_3: bbded234fcdc30654b1b6222f609dde0b5553449cfd6208636c06e56484dbb85
    learning:cs_network_4: 391d320c1b7aa3fa0d0e206e48431f055901e30060243084e24cf842b7f84bfe
    learning:cs_os_1: 7a163143f26928dcbe486afb9184e65c8e31a2a109d71fe85743a1f61c5677c9
    learning:cs_os_2: 62694e6baebb2e62894a44ab7563f0183f28030907af9bddaf0e8dc1d22f9a58
    learning:cs_os_3: 4e1855218b304ad9483cf37412b7f9fe1b51b1d9c2de78e6119151619ea3bf16
    learning:cs_os_4: 0f0eb06e7cf3ec606076b53d7de552b2641ef55b3dbcdd321b19a1faff340f04
    learning:curriculum: 614b27605d1cae1ea33e2cec5ec2a8293142be99f4272c9f20812ee01c16c19b
    learning:dsa_core_1: 2f5335132cf049ce68909c3eeb037a56116333433d82564551f968363d70192a
    learning:dsa_core_2: b6d6c9ccaccdea13f005bccb8203d54b02888125c9517174754c72beecd5b8a3
    learning:dsa_core_3: 132695b408ed11283f8dd97306d8c874a0f1409f5c0066c417f5538dad8bec9a
    learning:dsa_core_4: a0cffbf48188a5e6cd9050c902d8ec5725abb43fd7a38ea29c22cb8b21063232
    learning:dsa_exec_1: 3974e580ca71370a55e6d69d77e6767995e074f3c35b5277b6a8d8f375e9d75e
    learning:dsa_exec_2: 8a1024c676a742287f5d33b22d0bec52603a544951b0136a3e89b84fe1ddc207
    learning:dsa_exec_3: bd02d041ed33bbef4de19c89abab4fa8b7b2b3315f14a3a96edaa6f1a2a9d871
    learning:dsa_exec_4: dceaa84bb58cf3e28cea04fc177c16f2ff1bcf4b6d16c203b5593a43d55c771b
    learning:dsa_graphs_dp_1: f0c43871ab8bce3f202a5e9d33cca4bc1dad6b76543021a4fa473ab489cc8da2
    learning:dsa_graphs_dp_2: 3ed8e692ed8bab17f174f4870f3a7285b8d2b6850f80737bdcfefa1d1b87c341
    learning:dsa_graphs_dp_3: 76c76cffe9446f6030519a4373fc7d198ff76d7e84cb601f531e4e0ef87943e9
    learning:dsa_graphs_dp_4: 6125f293f37a9fe429eb5fdbb2a1c7055cd3e25517d30d3b1c69f1413f2b65e5
    learning:dsa_method: ce93167652b6e399ad276725c08288eb73a955de5e3aeda7945039521c954c7c
    learning:dsa_trees_1: 847f1c4e5a67fcc8e68a535910e2abc7708f1c053295e69afff7e89dde4a5ccb
    learning:dsa_trees_2: 6d5208dd56c7980e500df5044100c94394815ef6117f5b9b9c5dbe14a4617566
    learning:dsa_trees_3: a3c51d519969028aff619d21ed5a05f46c5c253f4d9bec54bdc017989f0d94ad
    learning:dsa_trees_4: 4edb09a0a63670e34928ac4ab7dc5558072f154885b6c3fc1b30738cbd32cb67
    learning:engineering_1: c3e3eea078b2a6871b8dc7574c023e70df5789d21ae1ccadc2a0d5a3c2e1f9a9
    learning:engineering_2: d7b535db7f3d45552883f9986d66bf2210627638167a4f4c5547f5ca96151bc9
    learning:engineering_3: 30aaeadcdd6dc188b22d7848bccad0988ff272ca1013bb7e304ae99c5188af28
    learning:engineering_4: 961569c15b02c7249c6aa0e02d1c172448183499c2d4a7317cffe12d7b1fddef
    learning:lld_1: 552e76c93765bfdef09ab1e8fdde7919de50d3cc60149d78951f2c25a06a2d9e
    learning:lld_2: f4f8c1aba11d7006dac4e43e8391d923a2e986734cd5eee6445c51090a2fccf4
    learning:lld_3: 69447b012b329f58fd305b8d996953b7a2837719908580250a9ea581d5b2a0ab
    learning:lld_4: 665101ec00d3662b5b52e8a57994754cbda73f9c19bbd5211c7e29ec9f1f0362
    learning:projects_1: f0d8bd08c9240ea12b1ba4dd1f7c07449e972cd9c86d15c84ff3b8f37d2680ad
    learning:projects_2: bf96678831e0ae7cc588c6f86735041287d86c455b86e3ae0b3a7a459b290933
    learning:projects_3: e05eff609bae61d5f90ff9706d038cb1c27a37ae7ae9a66d92f5768e1d64ef51
    learning:projects_4: 148fc96e60e92d555b3b8170a585d35d1d62ca3b48ace8f3148b484f34ca7fb9
    learning:python_1: 8b0b1e79dab3b2b6278f748161d33198b00394771376ca2d3dcaaf8deddec01a
    learning:python_2: 02e980edc3a306658af39bcefcd44af122a265a086cbd252e89c044927863184
    learning:python_3: 276ff3154423f0f45e99ed5d424a3c7c53f3e4fb06c761a2ba050eca52922b29
    learning:python_4: 2fcd3605e8c7cb5b4083f8d353abf650f76b328ed35380f116b09b444b1e550b
    learning:sd_core_1: 6eb71325e791d8c9e8b45ec7a13cb52c4ecaca994d98e8caa491edecbce308b6
    learning:sd_core_2: 05fcf8e2d0304587ffc24fb33e68f51e3cc2e741e4c21d8a8085d7577470f4b3
    learning:sd_core_3: a809249cf0561d3e5cb4374964d08d582ca41a572999d06d13a6b13ee40c6f3f
    learning:sd_core_4: d41f6ca4f6f0df052580a4dfdd380492e2ad7cebebe3ce029406b25bcd321e8b
    learning:sd_designs_1: 35283353fda5721731f13e7f67424ec74952eaeaad7a931b7311ef1e682c7474
    learning:sd_designs_2: 788c1e01dd9976b370041251e50f7d1495c1f8e51218d4370118730462d5be66
    learning:sd_designs_3: 277d8f32737c1640d10b69a3fe848a3de484ee972ea9d1d6514a038f09449221
    learning:sd_designs_4: 8c3351097afc8923904be7d5cd1b5f854723fcc5dbc52b9b28962ae7996b4b49
    mission_templates: 6e8420bf588746dc67cfd2527ee72cbbe6843e195b65cdadc6449c8f47434551
    problem_catalog: 1a8bd80d460d11e4c55e79c9996245a79dd05295491ecf5bbac9e643061cc5e2
    roadmap: fa4261c7dd1436b3ffeb2823349d4851ce72c16b202137bd8c8ea2a20c50cfd6
    role_profile:backend_fullstack_sde2: 1823bdfef48687b6e770121d54df035cead109aefa27ea788d5e07e24304884f
    skill_graph: f9d2feb2568f8bb8400f8b81d2141bb0f42efbc8e4a069ed802638286473856e
